
Microsoft Visual Studio Solution File, Format Version 12.00
# Visual Studio Version 16
VisualStudioVersion = 16.0.32228.343
MinimumVisualStudioVersion = 10.0.40219.1
Project("{FAE04EC0-301F-11D3-BF4B-00C04F79EFBC}") = "FormLogin", "FormLogin\FormLogin.csproj", "{9AA59042-A3BD-4E06-8626-E2A695045EA3}"
EndProject
Project("{2150E333-8FDC-42A3-9474-1A3956D46DE8}") = "Solution Items", "Solution Items", "{C80461D4-5A4A-4BA8-AB8E-D86F54F0965A}"
	ProjectSection(SolutionItems) = preProject
		.editorconfig = .editorconfig
	EndProjectSection
EndProject
Global
	GlobalSection(SolutionConfigurationPlatforms) = preSolution
		Debug|Any CPU = Debug|Any CPU
		Release|Any CPU = Release|Any CPU
	EndGlobalSection
	GlobalSection(ProjectConfigurationPlatforms) = postSolution
		{9AA59042-A3BD-4E06-8626-E2A695045EA3}.Debug|Any CPU.ActiveCfg = Debug|Any CPU
		{9AA59042-A3BD-4E06-8626-E2A695045EA3}.Debug|Any CPU.Build.0 = Debug|Any CPU
		{9AA59042-A3BD-4E06-8626-E2A695045EA3}.Release|Any CPU.ActiveCfg = Release|Any CPU
		{9AA59042-A3BD-4E06-8626-E2A695045EA3}.Release|Any CPU.Build.0 = Release|Any CPU
	EndGlobalSection
	GlobalSection(SolutionProperties) = preSolution
		HideSolutionNode = FALSE
	EndGlobalSection
	GlobalSection(ExtensibilityGlobals) = postSolution
		SolutionGuid = {5C7FFF17-16C3-4160-A64B-385A005B8956}
	EndGlobalSection
EndGlobal
