
Microsoft Visual Studio Solution File, Format Version 12.00
# Visual Studio Version 16
VisualStudioVersion = 16.0.32228.343
MinimumVisualStudioVersion = 10.0.40219.1
Project("{FAE04EC0-301F-11D3-BF4B-00C04F79EFBC}") = "Kantor_WebAPI", "Kantor_WebAPI\Kantor_WebAPI.csproj", "{3BD86882-85C3-49CD-B04C-82A7E668B697}"
EndProject
Global
	GlobalSection(SolutionConfigurationPlatforms) = preSolution
		Debug|Any CPU = Debug|Any CPU
		Release|Any CPU = Release|Any CPU
	EndGlobalSection
	GlobalSection(ProjectConfigurationPlatforms) = postSolution
		{3BD86882-85C3-49CD-B04C-82A7E668B697}.Debug|Any CPU.ActiveCfg = Debug|Any CPU
		{3BD86882-85C3-49CD-B04C-82A7E668B697}.Debug|Any CPU.Build.0 = Debug|Any CPU
		{3BD86882-85C3-49CD-B04C-82A7E668B697}.Release|Any CPU.ActiveCfg = Release|Any CPU
		{3BD86882-85C3-49CD-B04C-82A7E668B697}.Release|Any CPU.Build.0 = Release|Any CPU
	EndGlobalSection
	GlobalSection(SolutionProperties) = preSolution
		HideSolutionNode = FALSE
	EndGlobalSection
	GlobalSection(ExtensibilityGlobals) = postSolution
		SolutionGuid = {6D390506-B15E-47AD-AD80-2069C7A24EBA}
	EndGlobalSection
EndGlobal
